Microsoft Visual Studio Solution File, Format Version 11.00
# Visual Studio 2008

Project("{1947D162-F3B8-DEAF-3C25-A34C48674CFC}") = "Options Menu", "Assembly-CSharp.csproj", "{C25D2581-DC7F-CD83-ABA3-2A49F1632B3D}"
EndProject
Global
	GlobalSection(SolutionConfigurationPlatforms) = preSolution
		Debug|Any CPU = Debug|Any CPU
		Release|Any CPU = Release|Any CPU
	EndGlobalSection
	GlobalSection(ProjectConfigurationPlatforms) = postSolution
		{C25D2581-DC7F-CD83-ABA3-2A49F1632B3D}.Debug|Any CPU.ActiveCfg = Debug|Any CPU
		{C25D2581-DC7F-CD83-ABA3-2A49F1632B3D}.Debug|Any CPU.Build.0 = Debug|Any CPU
		{C25D2581-DC7F-CD83-ABA3-2A49F1632B3D}.Release|Any CPU.ActiveCfg = Release|Any CPU
		{C25D2581-DC7F-CD83-ABA3-2A49F1632B3D}.Release|Any CPU.Build.0 = Release|Any CPU
	EndGlobalSection
	GlobalSection(SolutionProperties) = preSolution
		HideSolutionNode = FALSE
	EndGlobalSection
	GlobalSection(MonoDevelopProperties) = preSolution
		StartupItem = Assembly-CSharp.csproj
	EndGlobalSection
EndGlobal
